
Microsoft Visual Studio Solution File, Format Version 12.00
# Visual Studio Version 16
VisualStudioVersion = 16.0.29806.167
MinimumVisualStudioVersion = 10.0.40219.1
Project("{FAE04EC0-301F-11D3-BF4B-00C04F79EFBC}") = "Project0.App", "Project0.App\Project0.App.csproj", "{CAF9EB72-A85D-45D1-A217-973B10AA91B8}"
EndProject
Project("{FAE04EC0-301F-11D3-BF4B-00C04F79EFBC}") = "Project0.Data", "Project0.Data\Project0.Data.csproj", "{D865375F-C6E4-4645-80F8-F2D4266725F2}"
EndProject
Global
	GlobalSection(SolutionConfigurationPlatforms) = preSolution
		Debug|Any CPU = Debug|Any CPU
		Release|Any CPU = Release|Any CPU
	EndGlobalSection
	GlobalSection(ProjectConfigurationPlatforms) = postSolution
		{CAF9EB72-A85D-45D1-A217-973B10AA91B8}.Debug|Any CPU.ActiveCfg = Debug|Any CPU
		{CAF9EB72-A85D-45D1-A217-973B10AA91B8}.Debug|Any CPU.Build.0 = Debug|Any CPU
		{CAF9EB72-A85D-45D1-A217-973B10AA91B8}.Release|Any CPU.ActiveCfg = Release|Any CPU
		{CAF9EB72-A85D-45D1-A217-973B10AA91B8}.Release|Any CPU.Build.0 = Release|Any CPU
		{D865375F-C6E4-4645-80F8-F2D4266725F2}.Debug|Any CPU.ActiveCfg = Debug|Any CPU
		{D865375F-C6E4-4645-80F8-F2D4266725F2}.Debug|Any CPU.Build.0 = Debug|Any CPU
		{D865375F-C6E4-4645-80F8-F2D4266725F2}.Release|Any CPU.ActiveCfg = Release|Any CPU
		{D865375F-C6E4-4645-80F8-F2D4266725F2}.Release|Any CPU.Build.0 = Release|Any CPU
	EndGlobalSection
	GlobalSection(SolutionProperties) = preSolution
		HideSolutionNode = FALSE
	EndGlobalSection
	GlobalSection(ExtensibilityGlobals) = postSolution
		SolutionGuid = {CCF89292-F04B-4829-A7EB-0B20ABBFDE18}
	EndGlobalSection
EndGlobal
